
Microsoft Visual Studio Solution File, Format Version 12.00
# Visual Studio Version 17
VisualStudioVersion = 17.0.31919.166
MinimumVisualStudioVersion = 10.0.40219.1
Project("{FAE04EC0-301F-11D3-BF4B-00C04F79EFBC}") = "TabeladePeso", "TabeladePeso\TabeladePeso.csproj", "{D486024A-BB97-45EC-9F58-2B2AC5FD1F64}"
EndProject
Global
	GlobalSection(SolutionConfigurationPlatforms) = preSolution
		Debug|Any CPU = Debug|Any CPU
		Release|Any CPU = Release|Any CPU
	EndGlobalSection
	GlobalSection(ProjectConfigurationPlatforms) = postSolution
		{D486024A-BB97-45EC-9F58-2B2AC5FD1F64}.Debug|Any CPU.ActiveCfg = Debug|Any CPU
		{D486024A-BB97-45EC-9F58-2B2AC5FD1F64}.Debug|Any CPU.Build.0 = Debug|Any CPU
		{D486024A-BB97-45EC-9F58-2B2AC5FD1F64}.Release|Any CPU.ActiveCfg = Release|Any CPU
		{D486024A-BB97-45EC-9F58-2B2AC5FD1F64}.Release|Any CPU.Build.0 = Release|Any CPU
	EndGlobalSection
	GlobalSection(SolutionProperties) = preSolution
		HideSolutionNode = FALSE
	EndGlobalSection
	GlobalSection(ExtensibilityGlobals) = postSolution
		SolutionGuid = {B487A6B9-ED5A-4DE8-9738-B998164581D4}
	EndGlobalSection
EndGlobal
